
Microsoft Visual Studio Solution File, Format Version 12.00
# Visual Studio Version 16
VisualStudioVersion = 16.0.31025.194
MinimumVisualStudioVersion = 10.0.40219.1
Project("{8BC9CEB8-8B4A-11D0-8D11-00A0C91BC942}") = "Quiz", "Quiz\Quiz.vcxproj", "{07107940-1A25-4861-9B7D-096CF16F2840}"
EndProject
Project("{54435603-DBB4-11D2-8724-00A0C9A8B90C}") = "Setup_Quiz", "Setup_Quiz\Setup_Quiz.vdproj", "{EBF86E2F-3438-414B-886E-B096C8D3F269}"
EndProject
Global
	GlobalSection(SolutionConfigurationPlatforms) = preSolution
		Debug|x64 = Debug|x64
		Debug|x86 = Debug|x86
		Release|x64 = Release|x64
		Release|x86 = Release|x86
	EndGlobalSection
	GlobalSection(ProjectConfigurationPlatforms) = postSolution
		{07107940-1A25-4861-9B7D-096CF16F2840}.Debug|x64.ActiveCfg = Debug|x64
		{07107940-1A25-4861-9B7D-096CF16F2840}.Debug|x64.Build.0 = Debug|x64
		{07107940-1A25-4861-9B7D-096CF16F2840}.Debug|x86.ActiveCfg = Debug|Win32
		{07107940-1A25-4861-9B7D-096CF16F2840}.Debug|x86.Build.0 = Debug|Win32
		{07107940-1A25-4861-9B7D-096CF16F2840}.Release|x64.ActiveCfg = Release|x64
		{07107940-1A25-4861-9B7D-096CF16F2840}.Release|x64.Build.0 = Release|x64
		{07107940-1A25-4861-9B7D-096CF16F2840}.Release|x86.ActiveCfg = Release|Win32
		{07107940-1A25-4861-9B7D-096CF16F2840}.Release|x86.Build.0 = Release|Win32
		{EBF86E2F-3438-414B-886E-B096C8D3F269}.Debug|x64.ActiveCfg = Debug
		{EBF86E2F-3438-414B-886E-B096C8D3F269}.Debug|x86.ActiveCfg = Debug
		{EBF86E2F-3438-414B-886E-B096C8D3F269}.Release|x64.ActiveCfg = Release
		{EBF86E2F-3438-414B-886E-B096C8D3F269}.Release|x86.ActiveCfg = Release
		{EBF86E2F-3438-414B-886E-B096C8D3F269}.Release|x86.Build.0 = Release
	EndGlobalSection
	GlobalSection(SolutionProperties) = preSolution
		HideSolutionNode = FALSE
	EndGlobalSection
	GlobalSection(ExtensibilityGlobals) = postSolution
		SolutionGuid = {D6260234-51C9-4C30-A7F7-77457F3B7A68}
	EndGlobalSection
EndGlobal
